
Microsoft Visual Studio Solution File, Format Version 12.00
# Visual Studio Version 16
VisualStudioVersion = 16.0.30804.86
MinimumVisualStudioVersion = 10.0.40219.1
Project("{FAE04EC0-301F-11D3-BF4B-00C04F79EFBC}") = "Cotacoes", "Cotacoes\Cotacoes.csproj", "{E4D55B63-17E6-4A9C-A5D0-3BEB1EACD91B}"
EndProject
Global
	GlobalSection(SolutionConfigurationPlatforms) = preSolution
		Debug|Any CPU = Debug|Any CPU
		Release|Any CPU = Release|Any CPU
	EndGlobalSection
	GlobalSection(ProjectConfigurationPlatforms) = postSolution
		{E4D55B63-17E6-4A9C-A5D0-3BEB1EACD91B}.Debug|Any CPU.ActiveCfg = Debug|Any CPU
		{E4D55B63-17E6-4A9C-A5D0-3BEB1EACD91B}.Debug|Any CPU.Build.0 = Debug|Any CPU
		{E4D55B63-17E6-4A9C-A5D0-3BEB1EACD91B}.Release|Any CPU.ActiveCfg = Release|Any CPU
		{E4D55B63-17E6-4A9C-A5D0-3BEB1EACD91B}.Release|Any CPU.Build.0 = Release|Any CPU
	EndGlobalSection
	GlobalSection(SolutionProperties) = preSolution
		HideSolutionNode = FALSE
	EndGlobalSection
	GlobalSection(ExtensibilityGlobals) = postSolution
		SolutionGuid = {60CA1EB6-A8A3-42ED-A8BA-FF920C3BFA0F}
	EndGlobalSection
EndGlobal
